
Microsoft Visual Studio Solution File, Format Version 12.00
# Visual Studio 14
VisualStudioVersion = 14.0.25123.0
MinimumVisualStudioVersion = 10.0.40219.1
Project("{FAE04EC0-301F-11D3-BF4B-00C04F79EFBC}") = "Afaq.IPTV.Droid", "Afaq.IPTV\Afaq.IPTV.Droid\Afaq.IPTV.Droid.csproj", "{B27F1139-3429-49D7-AF40-5247AC467AAC}"
EndProject
Project("{FAE04EC0-301F-11D3-BF4B-00C04F79EFBC}") = "Afaq.IPTV.iOS", "Afaq.IPTV\Afaq.IPTV.iOS\Afaq.IPTV.iOS.csproj", "{A8F5FC8B-2FE7-4493-8F90-FB0537C9AB86}"
EndProject
Project("{FAE04EC0-301F-11D3-BF4B-00C04F79EFBC}") = "Afaq.IPTV.WinPhone", "Afaq.IPTV\Afaq.IPTV.WinPhone\Afaq.IPTV.WinPhone.csproj", "{6661AB66-C505-4A8F-9CCE-77541F4BB5FB}"
EndProject
Project("{FAE04EC0-301F-11D3-BF4B-00C04F79EFBC}") = "Afaq.IPTV.Windows", "Afaq.IPTV\Afaq.IPTV.Windows\Afaq.IPTV.Windows.csproj", "{B256697C-CEEF-4964-905B-57CD2AD092E3}"
EndProject
Project("{FAE04EC0-301F-11D3-BF4B-00C04F79EFBC}") = "Afaq.IPTV", "Afaq.IPTV\Afaq.IPTV\Afaq.IPTV.csproj", "{6149523C-EDE6-4571-A6F7-28BF5590A6FA}"
EndProject
Project("{FAE04EC0-301F-11D3-BF4B-00C04F79EFBC}") = "Afaq.IPTV.UWP", "Afaq.IPTV\Afaq.IPTV.UWP\Afaq.IPTV.UWP.csproj", "{CDA59F38-DB6A-4626-A18E-3E05865D927B}"
EndProject
Global
	GlobalSection(SolutionConfigurationPlatforms) = preSolution
		Ad-Hoc|Any CPU = Ad-Hoc|Any CPU
		Ad-Hoc|ARM = Ad-Hoc|ARM
		Ad-Hoc|iPhone = Ad-Hoc|iPhone
		Ad-Hoc|iPhoneSimulator = Ad-Hoc|iPhoneSimulator
		Ad-Hoc|x64 = Ad-Hoc|x64
		Ad-Hoc|x86 = Ad-Hoc|x86
		AppStore|Any CPU = AppStore|Any CPU
		AppStore|ARM = AppStore|ARM
		AppStore|iPhone = AppStore|iPhone
		AppStore|iPhoneSimulator = AppStore|iPhoneSimulator
		AppStore|x64 = AppStore|x64
		AppStore|x86 = AppStore|x86
		Debug|Any CPU = Debug|Any CPU
		Debug|ARM = Debug|ARM
		Debug|iPhone = Debug|iPhone
		Debug|iPhoneSimulator = Debug|iPhoneSimulator
		Debug|x64 = Debug|x64
		Debug|x86 = Debug|x86
		Release|Any CPU = Release|Any CPU
		Release|ARM = Release|ARM
		Release|iPhone = Release|iPhone
		Release|iPhoneSimulator = Release|iPhoneSimulator
		Release|x64 = Release|x64
		Release|x86 = Release|x86
	EndGlobalSection
	GlobalSection(ProjectConfigurationPlatforms) = postSolution
		{B27F1139-3429-49D7-AF40-5247AC467AAC}.Ad-Hoc|Any CPU.ActiveCfg = Release|Any CPU
		{B27F1139-3429-49D7-AF40-5247AC467AAC}.Ad-Hoc|Any CPU.Build.0 = Release|Any CPU
		{B27F1139-3429-49D7-AF40-5247AC467AAC}.Ad-Hoc|Any CPU.Deploy.0 = Release|Any CPU
		{B27F1139-3429-49D7-AF40-5247AC467AAC}.Ad-Hoc|ARM.ActiveCfg = Release|Any CPU
		{B27F1139-3429-49D7-AF40-5247AC467AAC}.Ad-Hoc|ARM.Build.0 = Release|Any CPU
		{B27F1139-3429-49D7-AF40-5247AC467AAC}.Ad-Hoc|ARM.Deploy.0 = Release|Any CPU
		{B27F1139-3429-49D7-AF40-5247AC467AAC}.Ad-Hoc|iPhone.ActiveCfg = Release|Any CPU
		{B27F1139-3429-49D7-AF40-5247AC467AAC}.Ad-Hoc|iPhone.Build.0 = Release|Any CPU
		{B27F1139-3429-49D7-AF40-5247AC467AAC}.Ad-Hoc|iPhone.Deploy.0 = Release|Any CPU
		{B27F1139-3429-49D7-AF40-5247AC467AAC}.Ad-Hoc|iPhoneSimulator.ActiveCfg = Release|Any CPU
		{B27F1139-3429-49D7-AF40-5247AC467AAC}.Ad-Hoc|iPhoneSimulator.Build.0 = Release|Any CPU
		{B27F1139-3429-49D7-AF40-5247AC467AAC}.Ad-Hoc|iPhoneSimulator.Deploy.0 = Release|Any CPU
		{B27F1139-3429-49D7-AF40-5247AC467AAC}.Ad-Hoc|x64.ActiveCfg = Release|Any CPU
		{B27F1139-3429-49D7-AF40-5247AC467AAC}.Ad-Hoc|x64.Build.0 = Release|Any CPU
		{B27F1139-3429-49D7-AF40-5247AC467AAC}.Ad-Hoc|x64.Deploy.0 = Release|Any CPU
		{B27F1139-3429-49D7-AF40-5247AC467AAC}.Ad-Hoc|x86.ActiveCfg = Release|Any CPU
		{B27F1139-3429-49D7-AF40-5247AC467AAC}.Ad-Hoc|x86.Build.0 = Release|Any CPU
		{B27F1139-3429-49D7-AF40-5247AC467AAC}.Ad-Hoc|x86.Deploy.0 = Release|Any CPU
		{B27F1139-3429-49D7-AF40-5247AC467AAC}.AppStore|Any CPU.ActiveCfg = Release|Any CPU
		{B27F1139-3429-49D7-AF40-5247AC467AAC}.AppStore|Any CPU.Build.0 = Release|Any CPU
		{B27F1139-3429-49D7-AF40-5247AC467AAC}.AppStore|Any CPU.Deploy.0 = Release|Any CPU
		{B27F1139-3429-49D7-AF40-5247AC467AAC}.AppStore|ARM.ActiveCfg = Release|Any CPU
		{B27F1139-3429-49D7-AF40-5247AC467AAC}.AppStore|ARM.Build.0 = Release|Any CPU
		{B27F1139-3429-49D7-AF40-5247AC467AAC}.AppStore|ARM.Deploy.0 = Release|Any CPU
		{B27F1139-3429-49D7-AF40-5247AC467AAC}.AppStore|iPhone.ActiveCfg = Release|Any CPU
		{B27F1139-3429-49D7-AF40-5247AC467AAC}.AppStore|iPhone.Build.0 = Release|Any CPU
		{B27F1139-3429-49D7-AF40-5247AC467AAC}.AppStore|iPhone.Deploy.0 = Release|Any CPU
		{B27F1139-3429-49D7-AF40-5247AC467AAC}.AppStore|iPhoneSimulator.ActiveCfg = Release|Any CPU
		{B27F1139-3429-49D7-AF40-5247AC467AAC}.AppStore|iPhoneSimulator.Build.0 = Release|Any CPU
		{B27F1139-3429-49D7-AF40-5247AC467AAC}.AppStore|iPhoneSimulator.Deploy.0 = Release|Any CPU
		{B27F1139-3429-49D7-AF40-5247AC467AAC}.AppStore|x64.ActiveCfg = Release|Any CPU
		{B27F1139-3429-49D7-AF40-5247AC467AAC}.AppStore|x64.Build.0 = Release|Any CPU
		{B27F1139-3429-49D7-AF40-5247AC467AAC}.AppStore|x64.Deploy.0 = Release|Any CPU
		{B27F1139-3429-49D7-AF40-5247AC467AAC}.AppStore|x86.ActiveCfg = Release|Any CPU
		{B27F1139-3429-49D7-AF40-5247AC467AAC}.AppStore|x86.Build.0 = Release|Any CPU
		{B27F1139-3429-49D7-AF40-5247AC467AAC}.AppStore|x86.Deploy.0 = Release|Any CPU
		{B27F1139-3429-49D7-AF40-5247AC467AAC}.Debug|Any CPU.ActiveCfg = Debug|Any CPU
		{B27F1139-3429-49D7-AF40-5247AC467AAC}.Debug|Any CPU.Build.0 = Debug|Any CPU
		{B27F1139-3429-49D7-AF40-5247AC467AAC}.Debug|Any CPU.Deploy.0 = Debug|Any CPU
		{B27F1139-3429-49D7-AF40-5247AC467AAC}.Debug|ARM.ActiveCfg = Debug|Any CPU
		{B27F1139-3429-49D7-AF40-5247AC467AAC}.Debug|ARM.Build.0 = Debug|Any CPU
		{B27F1139-3429-49D7-AF40-5247AC467AAC}.Debug|ARM.Deploy.0 = Debug|Any CPU
		{B27F1139-3429-49D7-AF40-5247AC467AAC}.Debug|iPhone.ActiveCfg = Debug|Any CPU
		{B27F1139-3429-49D7-AF40-5247AC467AAC}.Debug|iPhone.Build.0 = Debug|Any CPU
		{B27F1139-3429-49D7-AF40-5247AC467AAC}.Debug|iPhone.Deploy.0 = Debug|Any CPU
		{B27F1139-3429-49D7-AF40-5247AC467AAC}.Debug|iPhoneSimulator.ActiveCfg = Debug|Any CPU
		{B27F1139-3429-49D7-AF40-5247AC467AAC}.Debug|iPhoneSimulator.Build.0 = Debug|Any CPU
		{B27F1139-3429-49D7-AF40-5247AC467AAC}.Debug|iPhoneSimulator.Deploy.0 = Debug|Any CPU
		{B27F1139-3429-49D7-AF40-5247AC467AAC}.Debug|x64.ActiveCfg = Debug|Any CPU
		{B27F1139-3429-49D7-AF40-5247AC467AAC}.Debug|x64.Build.0 = Debug|Any CPU
		{B27F1139-3429-49D7-AF40-5247AC467AAC}.Debug|x64.Deploy.0 = Debug|Any CPU
		{B27F1139-3429-49D7-AF40-5247AC467AAC}.Debug|x86.ActiveCfg = Debug|Any CPU
		{B27F1139-3429-49D7-AF40-5247AC467AAC}.Debug|x86.Build.0 = Debug|Any CPU
		{B27F1139-3429-49D7-AF40-5247AC467AAC}.Debug|x86.Deploy.0 = Debug|Any CPU
		{B27F1139-3429-49D7-AF40-5247AC467AAC}.Release|Any CPU.ActiveCfg = Release|Any CPU
		{B27F1139-3429-49D7-AF40-5247AC467AAC}.Release|Any CPU.Build.0 = Release|Any CPU
		{B27F1139-3429-49D7-AF40-5247AC467AAC}.Release|Any CPU.Deploy.0 = Release|Any CPU
		{B27F1139-3429-49D7-AF40-5247AC467AAC}.Release|ARM.ActiveCfg = Release|Any CPU
		{B27F1139-3429-49D7-AF40-5247AC467AAC}.Release|ARM.Build.0 = Release|Any CPU
		{B27F1139-3429-49D7-AF40-5247AC467AAC}.Release|ARM.Deploy.0 = Release|Any CPU
		{B27F1139-3429-49D7-AF40-5247AC467AAC}.Release|iPhone.ActiveCfg = Release|Any CPU
		{B27F1139-3429-49D7-AF40-5247AC467AAC}.Release|iPhone.Build.0 = Release|Any CPU
		{B27F1139-3429-49D7-AF40-5247AC467AAC}.Release|iPhone.Deploy.0 = Release|Any CPU
		{B27F1139-3429-49D7-AF40-5247AC467AAC}.Release|iPhoneSimulator.ActiveCfg = Release|Any CPU
		{B27F1139-3429-49D7-AF40-5247AC467AAC}.Release|iPhoneSimulator.Build.0 = Release|Any CPU
		{B27F1139-3429-49D7-AF40-5247AC467AAC}.Release|iPhoneSimulator.Deploy.0 = Release|Any CPU
		{B27F1139-3429-49D7-AF40-5247AC467AAC}.Release|x64.ActiveCfg = Release|Any CPU
		{B27F1139-3429-49D7-AF40-5247AC467AAC}.Release|x64.Build.0 = Release|Any CPU
		{B27F1139-3429-49D7-AF40-5247AC467AAC}.Release|x64.Deploy.0 = Release|Any CPU
		{B27F1139-3429-49D7-AF40-5247AC467AAC}.Release|x86.ActiveCfg = Release|Any CPU
		{B27F1139-3429-49D7-AF40-5247AC467AAC}.Release|x86.Build.0 = Release|Any CPU
		{B27F1139-3429-49D7-AF40-5247AC467AAC}.Release|x86.Deploy.0 = Release|Any CPU
		{A8F5FC8B-2FE7-4493-8F90-FB0537C9AB86}.Ad-Hoc|Any CPU.ActiveCfg = Ad-Hoc|iPhone
		{A8F5FC8B-2FE7-4493-8F90-FB0537C9AB86}.Ad-Hoc|ARM.ActiveCfg = Ad-Hoc|iPhone
		{A8F5FC8B-2FE7-4493-8F90-FB0537C9AB86}.Ad-Hoc|iPhone.ActiveCfg = Ad-Hoc|iPhone
		{A8F5FC8B-2FE7-4493-8F90-FB0537C9AB86}.Ad-Hoc|iPhone.Build.0 = Ad-Hoc|iPhone
		{A8F5FC8B-2FE7-4493-8F90-FB0537C9AB86}.Ad-Hoc|iPhoneSimulator.ActiveCfg = Ad-Hoc|iPhoneSimulator
		{A8F5FC8B-2FE7-4493-8F90-FB0537C9AB86}.Ad-Hoc|iPhoneSimulator.Build.0 = Ad-Hoc|iPhoneSimulator
		{A8F5FC8B-2FE7-4493-8F90-FB0537C9AB86}.Ad-Hoc|x64.ActiveCfg = Ad-Hoc|iPhone
		{A8F5FC8B-2FE7-4493-8F90-FB0537C9AB86}.Ad-Hoc|x86.ActiveCfg = Ad-Hoc|iPhone
		{A8F5FC8B-2FE7-4493-8F90-FB0537C9AB86}.AppStore|Any CPU.ActiveCfg = AppStore|iPhone
		{A8F5FC8B-2FE7-4493-8F90-FB0537C9AB86}.AppStore|ARM.ActiveCfg = AppStore|iPhone
		{A8F5FC8B-2FE7-4493-8F90-FB0537C9AB86}.AppStore|iPhone.ActiveCfg = AppStore|iPhone
		{A8F5FC8B-2FE7-4493-8F90-FB0537C9AB86}.AppStore|iPhone.Build.0 = AppStore|iPhone
		{A8F5FC8B-2FE7-4493-8F90-FB0537C9AB86}.AppStore|iPhoneSimulator.ActiveCfg = AppStore|iPhoneSimulator
		{A8F5FC8B-2FE7-4493-8F90-FB0537C9AB86}.AppStore|iPhoneSimulator.Build.0 = AppStore|iPhoneSimulator
		{A8F5FC8B-2FE7-4493-8F90-FB0537C9AB86}.AppStore|x64.ActiveCfg = AppStore|iPhone
		{A8F5FC8B-2FE7-4493-8F90-FB0537C9AB86}.AppStore|x86.ActiveCfg = AppStore|iPhone
		{A8F5FC8B-2FE7-4493-8F90-FB0537C9AB86}.Debug|Any CPU.ActiveCfg = Debug|iPhone
		{A8F5FC8B-2FE7-4493-8F90-FB0537C9AB86}.Debug|ARM.ActiveCfg = Debug|iPhone
		{A8F5FC8B-2FE7-4493-8F90-FB0537C9AB86}.Debug|iPhone.ActiveCfg = Debug|iPhone
		{A8F5FC8B-2FE7-4493-8F90-FB0537C9AB86}.Debug|iPhone.Build.0 = Debug|iPhone
		{A8F5FC8B-2FE7-4493-8F90-FB0537C9AB86}.Debug|iPhoneSimulator.ActiveCfg = Debug|iPhoneSimulator
		{A8F5FC8B-2FE7-4493-8F90-FB0537C9AB86}.Debug|iPhoneSimulator.Build.0 = Debug|iPhoneSimulator
		{A8F5FC8B-2FE7-4493-8F90-FB0537C9AB86}.Debug|x64.ActiveCfg = Debug|iPhone
		{A8F5FC8B-2FE7-4493-8F90-FB0537C9AB86}.Debug|x86.ActiveCfg = Debug|iPhone
		{A8F5FC8B-2FE7-4493-8F90-FB0537C9AB86}.Release|Any CPU.ActiveCfg = Release|iPhone
		{A8F5FC8B-2FE7-4493-8F90-FB0537C9AB86}.Release|ARM.ActiveCfg = Release|iPhone
		{A8F5FC8B-2FE7-4493-8F90-FB0537C9AB86}.Release|iPhone.ActiveCfg = Release|iPhone
		{A8F5FC8B-2FE7-4493-8F90-FB0537C9AB86}.Release|iPhone.Build.0 = Release|iPhone
		{A8F5FC8B-2FE7-4493-8F90-FB0537C9AB86}.Release|iPhoneSimulator.ActiveCfg = Release|iPhoneSimulator
		{A8F5FC8B-2FE7-4493-8F90-FB0537C9AB86}.Release|iPhoneSimulator.Build.0 = Release|iPhoneSimulator
		{A8F5FC8B-2FE7-4493-8F90-FB0537C9AB86}.Release|x64.ActiveCfg = Release|iPhone
		{A8F5FC8B-2FE7-4493-8F90-FB0537C9AB86}.Release|x86.ActiveCfg = Release|iPhone
		{6661AB66-C505-4A8F-9CCE-77541F4BB5FB}.Ad-Hoc|Any CPU.ActiveCfg = Release|Any CPU
		{6661AB66-C505-4A8F-9CCE-77541F4BB5FB}.Ad-Hoc|Any CPU.Build.0 = Release|Any CPU
		{6661AB66-C505-4A8F-9CCE-77541F4BB5FB}.Ad-Hoc|Any CPU.Deploy.0 = Release|Any CPU
		{6661AB66-C505-4A8F-9CCE-77541F4BB5FB}.Ad-Hoc|ARM.ActiveCfg = Release|ARM
		{6661AB66-C505-4A8F-9CCE-77541F4BB5FB}.Ad-Hoc|ARM.Build.0 = Release|ARM
		{6661AB66-C505-4A8F-9CCE-77541F4BB5FB}.Ad-Hoc|ARM.Deploy.0 = Release|ARM
		{6661AB66-C505-4A8F-9CCE-77541F4BB5FB}.Ad-Hoc|iPhone.ActiveCfg = Release|Any CPU
		{6661AB66-C505-4A8F-9CCE-77541F4BB5FB}.Ad-Hoc|iPhone.Build.0 = Release|Any CPU
		{6661AB66-C505-4A8F-9CCE-77541F4BB5FB}.Ad-Hoc|iPhone.Deploy.0 = Release|Any CPU
		{6661AB66-C505-4A8F-9CCE-77541F4BB5FB}.Ad-Hoc|iPhoneSimulator.ActiveCfg = Release|Any CPU
		{6661AB66-C505-4A8F-9CCE-77541F4BB5FB}.Ad-Hoc|iPhoneSimulator.Build.0 = Release|Any CPU
		{6661AB66-C505-4A8F-9CCE-77541F4BB5FB}.Ad-Hoc|iPhoneSimulator.Deploy.0 = Release|Any CPU
		{6661AB66-C505-4A8F-9CCE-77541F4BB5FB}.Ad-Hoc|x64.ActiveCfg = Release|Any CPU
		{6661AB66-C505-4A8F-9CCE-77541F4BB5FB}.Ad-Hoc|x64.Build.0 = Release|Any CPU
		{6661AB66-C505-4A8F-9CCE-77541F4BB5FB}.Ad-Hoc|x64.Deploy.0 = Release|Any CPU
		{6661AB66-C505-4A8F-9CCE-77541F4BB5FB}.Ad-Hoc|x86.ActiveCfg = Release|x86
		{6661AB66-C505-4A8F-9CCE-77541F4BB5FB}.Ad-Hoc|x86.Build.0 = Release|x86
		{6661AB66-C505-4A8F-9CCE-77541F4BB5FB}.Ad-Hoc|x86.Deploy.0 = Release|x86
		{6661AB66-C505-4A8F-9CCE-77541F4BB5FB}.AppStore|Any CPU.ActiveCfg = Release|Any CPU
		{6661AB66-C505-4A8F-9CCE-77541F4BB5FB}.AppStore|Any CPU.Build.0 = Release|Any CPU
		{6661AB66-C505-4A8F-9CCE-77541F4BB5FB}.AppStore|Any CPU.Deploy.0 = Release|Any CPU
		{6661AB66-C505-4A8F-9CCE-77541F4BB5FB}.AppStore|ARM.ActiveCfg = Release|ARM
		{6661AB66-C505-4A8F-9CCE-77541F4BB5FB}.AppStore|ARM.Build.0 = Release|ARM
		{6661AB66-C505-4A8F-9CCE-77541F4BB5FB}.AppStore|ARM.Deploy.0 = Release|ARM
		{6661AB66-C505-4A8F-9CCE-77541F4BB5FB}.AppStore|iPhone.ActiveCfg = Release|Any CPU
		{6661AB66-C505-4A8F-9CCE-77541F4BB5FB}.AppStore|iPhone.Build.0 = Release|Any CPU
		{6661AB66-C505-4A8F-9CCE-77541F4BB5FB}.AppStore|iPhone.Deploy.0 = Release|Any CPU
		{6661AB66-C505-4A8F-9CCE-77541F4BB5FB}.AppStore|iPhoneSimulator.ActiveCfg = Release|Any CPU
		{6661AB66-C505-4A8F-9CCE-77541F4BB5FB}.AppStore|iPhoneSimulator.Build.0 = Release|Any CPU
		{6661AB66-C505-4A8F-9CCE-77541F4BB5FB}.AppStore|iPhoneSimulator.Deploy.0 = Release|Any CPU
		{6661AB66-C505-4A8F-9CCE-77541F4BB5FB}.AppStore|x64.ActiveCfg = Release|Any CPU
		{6661AB66-C505-4A8F-9CCE-77541F4BB5FB}.AppStore|x64.Build.0 = Release|Any CPU
		{6661AB66-C505-4A8F-9CCE-77541F4BB5FB}.AppStore|x64.Deploy.0 = Release|Any CPU
		{6661AB66-C505-4A8F-9CCE-77541F4BB5FB}.AppStore|x86.ActiveCfg = Release|x86
		{6661AB66-C505-4A8F-9CCE-77541F4BB5FB}.AppStore|x86.Build.0 = Release|x86
		{6661AB66-C505-4A8F-9CCE-77541F4BB5FB}.AppStore|x86.Deploy.0 = Release|x86
		{6661AB66-C505-4A8F-9CCE-77541F4BB5FB}.Debug|Any CPU.ActiveCfg = Debug|Any CPU
		{6661AB66-C505-4A8F-9CCE-77541F4BB5FB}.Debug|Any CPU.Build.0 = Debug|Any CPU
		{6661AB66-C505-4A8F-9CCE-77541F4BB5FB}.Debug|Any CPU.Deploy.0 = Debug|Any CPU
		{6661AB66-C505-4A8F-9CCE-77541F4BB5FB}.Debug|ARM.ActiveCfg = Debug|ARM
		{6661AB66-C505-4A8F-9CCE-77541F4BB5FB}.Debug|ARM.Build.0 = Debug|ARM
		{6661AB66-C505-4A8F-9CCE-77541F4BB5FB}.Debug|ARM.Deploy.0 = Debug|ARM
		{6661AB66-C505-4A8F-9CCE-77541F4BB5FB}.Debug|iPhone.ActiveCfg = Debug|Any CPU
		{6661AB66-C505-4A8F-9CCE-77541F4BB5FB}.Debug|iPhone.Build.0 = Debug|Any CPU
		{6661AB66-C505-4A8F-9CCE-77541F4BB5FB}.Debug|iPhone.Deploy.0 = Debug|Any CPU
		{6661AB66-C505-4A8F-9CCE-77541F4BB5FB}.Debug|iPhoneSimulator.ActiveCfg = Debug|Any CPU
		{6661AB66-C505-4A8F-9CCE-77541F4BB5FB}.Debug|iPhoneSimulator.Build.0 = Debug|Any CPU
		{6661AB66-C505-4A8F-9CCE-77541F4BB5FB}.Debug|iPhoneSimulator.Deploy.0 = Debug|Any CPU
		{6661AB66-C505-4A8F-9CCE-77541F4BB5FB}.Debug|x64.ActiveCfg = Debug|Any CPU
		{6661AB66-C505-4A8F-9CCE-77541F4BB5FB}.Debug|x64.Build.0 = Debug|Any CPU
		{6661AB66-C505-4A8F-9CCE-77541F4BB5FB}.Debug|x64.Deploy.0 = Debug|Any CPU
		{6661AB66-C505-4A8F-9CCE-77541F4BB5FB}.Debug|x86.ActiveCfg = Debug|x86
		{6661AB66-C505-4A8F-9CCE-77541F4BB5FB}.Debug|x86.Build.0 = Debug|x86
		{6661AB66-C505-4A8F-9CCE-77541F4BB5FB}.Debug|x86.Deploy.0 = Debug|x86
		{6661AB66-C505-4A8F-9CCE-77541F4BB5FB}.Release|Any CPU.ActiveCfg = Release|Any CPU
		{6661AB66-C505-4A8F-9CCE-77541F4BB5FB}.Release|Any CPU.Build.0 = Release|Any CPU
		{6661AB66-C505-4A8F-9CCE-77541F4BB5FB}.Release|Any CPU.Deploy.0 = Release|Any CPU
		{6661AB66-C505-4A8F-9CCE-77541F4BB5FB}.Release|ARM.ActiveCfg = Release|ARM
		{6661AB66-C505-4A8F-9CCE-77541F4BB5FB}.Release|ARM.Build.0 = Release|ARM
		{6661AB66-C505-4A8F-9CCE-77541F4BB5FB}.Release|ARM.Deploy.0 = Release|ARM
		{6661AB66-C505-4A8F-9CCE-77541F4BB5FB}.Release|iPhone.ActiveCfg = Release|Any CPU
		{6661AB66-C505-4A8F-9CCE-77541F4BB5FB}.Release|iPhone.Build.0 = Release|Any CPU
		{6661AB66-C505-4A8F-9CCE-77541F4BB5FB}.Release|iPhone.Deploy.0 = Release|Any CPU
		{6661AB66-C505-4A8F-9CCE-77541F4BB5FB}.Release|iPhoneSimulator.ActiveCfg = Release|Any CPU
		{6661AB66-C505-4A8F-9CCE-77541F4BB5FB}.Release|iPhoneSimulator.Build.0 = Release|Any CPU
		{6661AB66-C505-4A8F-9CCE-77541F4BB5FB}.Release|iPhoneSimulator.Deploy.0 = Release|Any CPU
		{6661AB66-C505-4A8F-9CCE-77541F4BB5FB}.Release|x64.ActiveCfg = Release|Any CPU
		{6661AB66-C505-4A8F-9CCE-77541F4BB5FB}.Release|x64.Build.0 = Release|Any CPU
		{6661AB66-C505-4A8F-9CCE-77541F4BB5FB}.Release|x64.Deploy.0 = Release|Any CPU
		{6661AB66-C505-4A8F-9CCE-77541F4BB5FB}.Release|x86.ActiveCfg = Release|x86
		{6661AB66-C505-4A8F-9CCE-77541F4BB5FB}.Release|x86.Build.0 = Release|x86
		{6661AB66-C505-4A8F-9CCE-77541F4BB5FB}.Release|x86.Deploy.0 = Release|x86
		{B256697C-CEEF-4964-905B-57CD2AD092E3}.Ad-Hoc|Any CPU.ActiveCfg = Release|Any CPU
		{B256697C-CEEF-4964-905B-57CD2AD092E3}.Ad-Hoc|Any CPU.Build.0 = Release|Any CPU
		{B256697C-CEEF-4964-905B-57CD2AD092E3}.Ad-Hoc|Any CPU.Deploy.0 = Release|Any CPU
		{B256697C-CEEF-4964-905B-57CD2AD092E3}.Ad-Hoc|ARM.ActiveCfg = Release|ARM
		{B256697C-CEEF-4964-905B-57CD2AD092E3}.Ad-Hoc|ARM.Build.0 = Release|ARM
		{B256697C-CEEF-4964-905B-57CD2AD092E3}.Ad-Hoc|ARM.Deploy.0 = Release|ARM
		{B256697C-CEEF-4964-905B-57CD2AD092E3}.Ad-Hoc|iPhone.ActiveCfg = Release|Any CPU
		{B256697C-CEEF-4964-905B-57CD2AD092E3}.Ad-Hoc|iPhone.Build.0 = Release|Any CPU
		{B256697C-CEEF-4964-905B-57CD2AD092E3}.Ad-Hoc|iPhone.Deploy.0 = Release|Any CPU
		{B256697C-CEEF-4964-905B-57CD2AD092E3}.Ad-Hoc|iPhoneSimulator.ActiveCfg = Release|Any CPU
		{B256697C-CEEF-4964-905B-57CD2AD092E3}.Ad-Hoc|iPhoneSimulator.Build.0 = Release|Any CPU
		{B256697C-CEEF-4964-905B-57CD2AD092E3}.Ad-Hoc|iPhoneSimulator.Deploy.0 = Release|Any CPU
		{B256697C-CEEF-4964-905B-57CD2AD092E3}.Ad-Hoc|x64.ActiveCfg = Release|x64
		{B256697C-CEEF-4964-905B-57CD2AD092E3}.Ad-Hoc|x64.Build.0 = Release|x64
		{B256697C-CEEF-4964-905B-57CD2AD092E3}.Ad-Hoc|x64.Deploy.0 = Release|x64
		{B256697C-CEEF-4964-905B-57CD2AD092E3}.Ad-Hoc|x86.ActiveCfg = Release|x86
		{B256697C-CEEF-4964-905B-57CD2AD092E3}.Ad-Hoc|x86.Build.0 = Release|x86
		{B256697C-CEEF-4964-905B-57CD2AD092E3}.Ad-Hoc|x86.Deploy.0 = Release|x86
		{B256697C-CEEF-4964-905B-57CD2AD092E3}.AppStore|Any CPU.ActiveCfg = Release|Any CPU
		{B256697C-CEEF-4964-905B-57CD2AD092E3}.AppStore|Any CPU.Build.0 = Release|Any CPU
		{B256697C-CEEF-4964-905B-57CD2AD092E3}.AppStore|Any CPU.Deploy.0 = Release|Any CPU
		{B256697C-CEEF-4964-905B-57CD2AD092E3}.AppStore|ARM.ActiveCfg = Release|ARM
		{B256697C-CEEF-4964-905B-57CD2AD092E3}.AppStore|ARM.Build.0 = Release|ARM
		{B256697C-CEEF-4964-905B-57CD2AD092E3}.AppStore|ARM.Deploy.0 = Release|ARM
		{B256697C-CEEF-4964-905B-57CD2AD092E3}.AppStore|iPhone.ActiveCfg = Release|Any CPU
		{B256697C-CEEF-4964-905B-57CD2AD092E3}.AppStore|iPhone.Build.0 = Release|Any CPU
		{B256697C-CEEF-4964-905B-57CD2AD092E3}.AppStore|iPhone.Deploy.0 = Release|Any CPU
		{B256697C-CEEF-4964-905B-57CD2AD092E3}.AppStore|iPhoneSimulator.ActiveCfg = Release|Any CPU
		{B256697C-CEEF-4964-905B-57CD2AD092E3}.AppStore|iPhoneSimulator.Build.0 = Release|Any CPU
		{B256697C-CEEF-4964-905B-57CD2AD092E3}.AppStore|iPhoneSimulator.Deploy.0 = Release|Any CPU
		{B256697C-CEEF-4964-905B-57CD2AD092E3}.AppStore|x64.ActiveCfg = Release|x64
		{B256697C-CEEF-4964-905B-57CD2AD092E3}.AppStore|x64.Build.0 = Release|x64
		{B256697C-CEEF-4964-905B-57CD2AD092E3}.AppStore|x64.Deploy.0 = Release|x64
		{B256697C-CEEF-4964-905B-57CD2AD092E3}.AppStore|x86.ActiveCfg = Release|x86
		{B256697C-CEEF-4964-905B-57CD2AD092E3}.AppStore|x86.Build.0 = Release|x86
		{B256697C-CEEF-4964-905B-57CD2AD092E3}.AppStore|x86.Deploy.0 = Release|x86
		{B256697C-CEEF-4964-905B-57CD2AD092E3}.Debug|Any CPU.ActiveCfg = Debug|Any CPU
		{B256697C-CEEF-4964-905B-57CD2AD092E3}.Debug|Any CPU.Build.0 = Debug|Any CPU
		{B256697C-CEEF-4964-905B-57CD2AD092E3}.Debug|Any CPU.Deploy.0 = Debug|Any CPU
		{B256697C-CEEF-4964-905B-57CD2AD092E3}.Debug|ARM.ActiveCfg = Debug|ARM
		{B256697C-CEEF-4964-905B-57CD2AD092E3}.Debug|ARM.Build.0 = Debug|ARM
		{B256697C-CEEF-4964-905B-57CD2AD092E3}.Debug|ARM.Deploy.0 = Debug|ARM
		{B256697C-CEEF-4964-905B-57CD2AD092E3}.Debug|iPhone.ActiveCfg = Debug|Any CPU
		{B256697C-CEEF-4964-905B-57CD2AD092E3}.Debug|iPhone.Build.0 = Debug|Any CPU
		{B256697C-CEEF-4964-905B-57CD2AD092E3}.Debug|iPhone.Deploy.0 = Debug|Any CPU
		{B256697C-CEEF-4964-905B-57CD2AD092E3}.Debug|iPhoneSimulator.ActiveCfg = Debug|Any CPU
		{B256697C-CEEF-4964-905B-57CD2AD092E3}.Debug|iPhoneSimulator.Build.0 = Debug|Any CPU
		{B256697C-CEEF-4964-905B-57CD2AD092E3}.Debug|iPhoneSimulator.Deploy.0 = Debug|Any CPU
		{B256697C-CEEF-4964-905B-57CD2AD092E3}.Debug|x64.ActiveCfg = Debug|x64
		{B256697C-CEEF-4964-905B-57CD2AD092E3}.Debug|x64.Build.0 = Debug|x64
		{B256697C-CEEF-4964-905B-57CD2AD092E3}.Debug|x64.Deploy.0 = Debug|x64
		{B256697C-CEEF-4964-905B-57CD2AD092E3}.Debug|x86.ActiveCfg = Debug|x86
		{B256697C-CEEF-4964-905B-57CD2AD092E3}.Debug|x86.Build.0 = Debug|x86
		{B256697C-CEEF-4964-905B-57CD2AD092E3}.Debug|x86.Deploy.0 = Debug|x86
		{B256697C-CEEF-4964-905B-57CD2AD092E3}.Release|Any CPU.ActiveCfg = Release|Any CPU
		{B256697C-CEEF-4964-905B-57CD2AD092E3}.Release|Any CPU.Build.0 = Release|Any CPU
		{B256697C-CEEF-4964-905B-57CD2AD092E3}.Release|Any CPU.Deploy.0 = Release|Any CPU
		{B256697C-CEEF-4964-905B-57CD2AD092E3}.Release|ARM.ActiveCfg = Release|ARM
		{B256697C-CEEF-4964-905B-57CD2AD092E3}.Release|ARM.Build.0 = Release|ARM
		{B256697C-CEEF-4964-905B-57CD2AD092E3}.Release|ARM.Deploy.0 = Release|ARM
		{B256697C-CEEF-4964-905B-57CD2AD092E3}.Release|iPhone.ActiveCfg = Release|Any CPU
		{B256697C-CEEF-4964-905B-57CD2AD092E3}.Release|iPhone.Build.0 = Release|Any CPU
		{B256697C-CEEF-4964-905B-57CD2AD092E3}.Release|iPhone.Deploy.0 = Release|Any CPU
		{B256697C-CEEF-4964-905B-57CD2AD092E3}.Release|iPhoneSimulator.ActiveCfg = Release|Any CPU
		{B256697C-CEEF-4964-905B-57CD2AD092E3}.Release|iPhoneSimulator.Build.0 = Release|Any CPU
		{B256697C-CEEF-4964-905B-57CD2AD092E3}.Release|iPhoneSimulator.Deploy.0 = Release|Any CPU
		{B256697C-CEEF-4964-905B-57CD2AD092E3}.Release|x64.ActiveCfg = Release|x64
		{B256697C-CEEF-4964-905B-57CD2AD092E3}.Release|x64.Build.0 = Release|x64
		{B256697C-CEEF-4964-905B-57CD2AD092E3}.Release|x64.Deploy.0 = Release|x64
		{B256697C-CEEF-4964-905B-57CD2AD092E3}.Release|x86.ActiveCfg = Release|x86
		{B256697C-CEEF-4964-905B-57CD2AD092E3}.Release|x86.Build.0 = Release|x86
		{B256697C-CEEF-4964-905B-57CD2AD092E3}.Release|x86.Deploy.0 = Release|x86
		{6149523C-EDE6-4571-A6F7-28BF5590A6FA}.Ad-Hoc|Any CPU.ActiveCfg = Release|Any CPU
		{6149523C-EDE6-4571-A6F7-28BF5590A6FA}.Ad-Hoc|Any CPU.Build.0 = Release|Any CPU
		{6149523C-EDE6-4571-A6F7-28BF5590A6FA}.Ad-Hoc|ARM.ActiveCfg = Release|Any CPU
		{6149523C-EDE6-4571-A6F7-28BF5590A6FA}.Ad-Hoc|ARM.Build.0 = Release|Any CPU
		{6149523C-EDE6-4571-A6F7-28BF5590A6FA}.Ad-Hoc|iPhone.ActiveCfg = Release|Any CPU
		{6149523C-EDE6-4571-A6F7-28BF5590A6FA}.Ad-Hoc|iPhone.Build.0 = Release|Any CPU
		{6149523C-EDE6-4571-A6F7-28BF5590A6FA}.Ad-Hoc|iPhoneSimulator.ActiveCfg = Release|Any CPU
		{6149523C-EDE6-4571-A6F7-28BF5590A6FA}.Ad-Hoc|iPhoneSimulator.Build.0 = Release|Any CPU
		{6149523C-EDE6-4571-A6F7-28BF5590A6FA}.Ad-Hoc|x64.ActiveCfg = Release|Any CPU
		{6149523C-EDE6-4571-A6F7-28BF5590A6FA}.Ad-Hoc|x64.Build.0 = Release|Any CPU
		{6149523C-EDE6-4571-A6F7-28BF5590A6FA}.Ad-Hoc|x86.ActiveCfg = Release|Any CPU
		{6149523C-EDE6-4571-A6F7-28BF5590A6FA}.Ad-Hoc|x86.Build.0 = Release|Any CPU
		{6149523C-EDE6-4571-A6F7-28BF5590A6FA}.AppStore|Any CPU.ActiveCfg = Release|Any CPU
		{6149523C-EDE6-4571-A6F7-28BF5590A6FA}.AppStore|Any CPU.Build.0 = Release|Any CPU
		{6149523C-EDE6-4571-A6F7-28BF5590A6FA}.AppStore|ARM.ActiveCfg = Release|Any CPU
		{6149523C-EDE6-4571-A6F7-28BF5590A6FA}.AppStore|ARM.Build.0 = Release|Any CPU
		{6149523C-EDE6-4571-A6F7-28BF5590A6FA}.AppStore|iPhone.ActiveCfg = Release|Any CPU
		{6149523C-EDE6-4571-A6F7-28BF5590A6FA}.AppStore|iPhone.Build.0 = Release|Any CPU
		{6149523C-EDE6-4571-A6F7-28BF5590A6FA}.AppStore|iPhoneSimulator.ActiveCfg = Release|Any CPU
		{6149523C-EDE6-4571-A6F7-28BF5590A6FA}.AppStore|iPhoneSimulator.Build.0 = Release|Any CPU
		{6149523C-EDE6-4571-A6F7-28BF5590A6FA}.AppStore|x64.ActiveCfg = Release|Any CPU
		{6149523C-EDE6-4571-A6F7-28BF5590A6FA}.AppStore|x64.Build.0 = Release|Any CPU
		{6149523C-EDE6-4571-A6F7-28BF5590A6FA}.AppStore|x86.ActiveCfg = Release|Any CPU
		{6149523C-EDE6-4571-A6F7-28BF5590A6FA}.AppStore|x86.Build.0 = Release|Any CPU
		{6149523C-EDE6-4571-A6F7-28BF5590A6FA}.Debug|Any CPU.ActiveCfg = Debug|Any CPU
		{6149523C-EDE6-4571-A6F7-28BF5590A6FA}.Debug|Any CPU.Build.0 = Debug|Any CPU
		{6149523C-EDE6-4571-A6F7-28BF5590A6FA}.Debug|ARM.ActiveCfg = Debug|Any CPU
		{6149523C-EDE6-4571-A6F7-28BF5590A6FA}.Debug|ARM.Build.0 = Debug|Any CPU
		{6149523C-EDE6-4571-A6F7-28BF5590A6FA}.Debug|iPhone.ActiveCfg = Debug|Any CPU
		{6149523C-EDE6-4571-A6F7-28BF5590A6FA}.Debug|iPhone.Build.0 = Debug|Any CPU
		{6149523C-EDE6-4571-A6F7-28BF5590A6FA}.Debug|iPhoneSimulator.ActiveCfg = Debug|Any CPU
		{6149523C-EDE6-4571-A6F7-28BF5590A6FA}.Debug|iPhoneSimulator.Build.0 = Debug|Any CPU
		{6149523C-EDE6-4571-A6F7-28BF5590A6FA}.Debug|x64.ActiveCfg = Debug|Any CPU
		{6149523C-EDE6-4571-A6F7-28BF5590A6FA}.Debug|x64.Build.0 = Debug|Any CPU
		{6149523C-EDE6-4571-A6F7-28BF5590A6FA}.Debug|x86.ActiveCfg = Debug|Any CPU
		{6149523C-EDE6-4571-A6F7-28BF5590A6FA}.Debug|x86.Build.0 = Debug|Any CPU
		{6149523C-EDE6-4571-A6F7-28BF5590A6FA}.Release|Any CPU.ActiveCfg = Release|Any CPU
		{6149523C-EDE6-4571-A6F7-28BF5590A6FA}.Release|Any CPU.Build.0 = Release|Any CPU
		{6149523C-EDE6-4571-A6F7-28BF5590A6FA}.Release|ARM.ActiveCfg = Release|Any CPU
		{6149523C-EDE6-4571-A6F7-28BF5590A6FA}.Release|ARM.Build.0 = Release|Any CPU
		{6149523C-EDE6-4571-A6F7-28BF5590A6FA}.Release|iPhone.ActiveCfg = Release|Any CPU
		{6149523C-EDE6-4571-A6F7-28BF5590A6FA}.Release|iPhone.Build.0 = Release|Any CPU
		{6149523C-EDE6-4571-A6F7-28BF5590A6FA}.Release|iPhoneSimulator.ActiveCfg = Release|Any CPU
		{6149523C-EDE6-4571-A6F7-28BF5590A6FA}.Release|iPhoneSimulator.Build.0 = Release|Any CPU
		{6149523C-EDE6-4571-A6F7-28BF5590A6FA}.Release|x64.ActiveCfg = Release|Any CPU
		{6149523C-EDE6-4571-A6F7-28BF5590A6FA}.Release|x64.Build.0 = Release|Any CPU
		{6149523C-EDE6-4571-A6F7-28BF5590A6FA}.Release|x86.ActiveCfg = Release|Any CPU
		{6149523C-EDE6-4571-A6F7-28BF5590A6FA}.Release|x86.Build.0 = Release|Any CPU
		{CDA59F38-DB6A-4626-A18E-3E05865D927B}.Ad-Hoc|Any CPU.ActiveCfg = Release|x64
		{CDA59F38-DB6A-4626-A18E-3E05865D927B}.Ad-Hoc|Any CPU.Build.0 = Release|x64
		{CDA59F38-DB6A-4626-A18E-3E05865D927B}.Ad-Hoc|Any CPU.Deploy.0 = Release|x64
		{CDA59F38-DB6A-4626-A18E-3E05865D927B}.Ad-Hoc|ARM.ActiveCfg = Release|ARM
		{CDA59F38-DB6A-4626-A18E-3E05865D927B}.Ad-Hoc|ARM.Build.0 = Release|ARM
		{CDA59F38-DB6A-4626-A18E-3E05865D927B}.Ad-Hoc|ARM.Deploy.0 = Release|ARM
		{CDA59F38-DB6A-4626-A18E-3E05865D927B}.Ad-Hoc|iPhone.ActiveCfg = Release|x64
		{CDA59F38-DB6A-4626-A18E-3E05865D927B}.Ad-Hoc|iPhone.Build.0 = Release|x64
		{CDA59F38-DB6A-4626-A18E-3E05865D927B}.Ad-Hoc|iPhone.Deploy.0 = Release|x64
		{CDA59F38-DB6A-4626-A18E-3E05865D927B}.Ad-Hoc|iPhoneSimulator.ActiveCfg = Release|x64
		{CDA59F38-DB6A-4626-A18E-3E05865D927B}.Ad-Hoc|iPhoneSimulator.Build.0 = Release|x64
		{CDA59F38-DB6A-4626-A18E-3E05865D927B}.Ad-Hoc|iPhoneSimulator.Deploy.0 = Release|x64
		{CDA59F38-DB6A-4626-A18E-3E05865D927B}.Ad-Hoc|x64.ActiveCfg = Release|x64
		{CDA59F38-DB6A-4626-A18E-3E05865D927B}.Ad-Hoc|x64.Build.0 = Release|x64
		{CDA59F38-DB6A-4626-A18E-3E05865D927B}.Ad-Hoc|x64.Deploy.0 = Release|x64
		{CDA59F38-DB6A-4626-A18E-3E05865D927B}.Ad-Hoc|x86.ActiveCfg = Release|x86
		{CDA59F38-DB6A-4626-A18E-3E05865D927B}.Ad-Hoc|x86.Build.0 = Release|x86
		{CDA59F38-DB6A-4626-A18E-3E05865D927B}.Ad-Hoc|x86.Deploy.0 = Release|x86
		{CDA59F38-DB6A-4626-A18E-3E05865D927B}.AppStore|Any CPU.ActiveCfg = Release|x64
		{CDA59F38-DB6A-4626-A18E-3E05865D927B}.AppStore|Any CPU.Build.0 = Release|x64
		{CDA59F38-DB6A-4626-A18E-3E05865D927B}.AppStore|Any CPU.Deploy.0 = Release|x64
		{CDA59F38-DB6A-4626-A18E-3E05865D927B}.AppStore|ARM.ActiveCfg = Release|ARM
		{CDA59F38-DB6A-4626-A18E-3E05865D927B}.AppStore|ARM.Build.0 = Release|ARM
		{CDA59F38-DB6A-4626-A18E-3E05865D927B}.AppStore|ARM.Deploy.0 = Release|ARM
		{CDA59F38-DB6A-4626-A18E-3E05865D927B}.AppStore|iPhone.ActiveCfg = Release|x64
		{CDA59F38-DB6A-4626-A18E-3E05865D927B}.AppStore|iPhone.Build.0 = Release|x64
		{CDA59F38-DB6A-4626-A18E-3E05865D927B}.AppStore|iPhone.Deploy.0 = Release|x64
		{CDA59F38-DB6A-4626-A18E-3E05865D927B}.AppStore|iPhoneSimulator.ActiveCfg = Release|x64
		{CDA59F38-DB6A-4626-A18E-3E05865D927B}.AppStore|iPhoneSimulator.Build.0 = Release|x64
		{CDA59F38-DB6A-4626-A18E-3E05865D927B}.AppStore|iPhoneSimulator.Deploy.0 = Release|x64
		{CDA59F38-DB6A-4626-A18E-3E05865D927B}.AppStore|x64.ActiveCfg = Release|x64
		{CDA59F38-DB6A-4626-A18E-3E05865D927B}.AppStore|x64.Build.0 = Release|x64
		{CDA59F38-DB6A-4626-A18E-3E05865D927B}.AppStore|x64.Deploy.0 = Release|x64
		{CDA59F38-DB6A-4626-A18E-3E05865D927B}.AppStore|x86.ActiveCfg = Release|x86
		{CDA59F38-DB6A-4626-A18E-3E05865D927B}.AppStore|x86.Build.0 = Release|x86
		{CDA59F38-DB6A-4626-A18E-3E05865D927B}.AppStore|x86.Deploy.0 = Release|x86
		{CDA59F38-DB6A-4626-A18E-3E05865D927B}.Debug|Any CPU.ActiveCfg = Debug|x86
		{CDA59F38-DB6A-4626-A18E-3E05865D927B}.Debug|Any CPU.Build.0 = Debug|x86
		{CDA59F38-DB6A-4626-A18E-3E05865D927B}.Debug|Any CPU.Deploy.0 = Debug|x86
		{CDA59F38-DB6A-4626-A18E-3E05865D927B}.Debug|ARM.ActiveCfg = Debug|ARM
		{CDA59F38-DB6A-4626-A18E-3E05865D927B}.Debug|ARM.Build.0 = Debug|ARM
		{CDA59F38-DB6A-4626-A18E-3E05865D927B}.Debug|ARM.Deploy.0 = Debug|ARM
		{CDA59F38-DB6A-4626-A18E-3E05865D927B}.Debug|iPhone.ActiveCfg = Debug|x86
		{CDA59F38-DB6A-4626-A18E-3E05865D927B}.Debug|iPhoneSimulator.ActiveCfg = Debug|x86
		{CDA59F38-DB6A-4626-A18E-3E05865D927B}.Debug|x64.ActiveCfg = Debug|x64
		{CDA59F38-DB6A-4626-A18E-3E05865D927B}.Debug|x64.Build.0 = Debug|x64
		{CDA59F38-DB6A-4626-A18E-3E05865D927B}.Debug|x64.Deploy.0 = Debug|x64
		{CDA59F38-DB6A-4626-A18E-3E05865D927B}.Debug|x86.ActiveCfg = Debug|x86
		{CDA59F38-DB6A-4626-A18E-3E05865D927B}.Debug|x86.Build.0 = Debug|x86
		{CDA59F38-DB6A-4626-A18E-3E05865D927B}.Debug|x86.Deploy.0 = Debug|x86
		{CDA59F38-DB6A-4626-A18E-3E05865D927B}.Release|Any CPU.ActiveCfg = Release|x86
		{CDA59F38-DB6A-4626-A18E-3E05865D927B}.Release|ARM.ActiveCfg = Release|ARM
		{CDA59F38-DB6A-4626-A18E-3E05865D927B}.Release|ARM.Build.0 = Release|ARM
		{CDA59F38-DB6A-4626-A18E-3E05865D927B}.Release|ARM.Deploy.0 = Release|ARM
		{CDA59F38-DB6A-4626-A18E-3E05865D927B}.Release|iPhone.ActiveCfg = Release|x86
		{CDA59F38-DB6A-4626-A18E-3E05865D927B}.Release|iPhoneSimulator.ActiveCfg = Release|x86
		{CDA59F38-DB6A-4626-A18E-3E05865D927B}.Release|x64.ActiveCfg = Release|x64
		{CDA59F38-DB6A-4626-A18E-3E05865D927B}.Release|x64.Build.0 = Release|x64
		{CDA59F38-DB6A-4626-A18E-3E05865D927B}.Release|x64.Deploy.0 = Release|x64
		{CDA59F38-DB6A-4626-A18E-3E05865D927B}.Release|x86.ActiveCfg = Release|x86
		{CDA59F38-DB6A-4626-A18E-3E05865D927B}.Release|x86.Build.0 = Release|x86
		{CDA59F38-DB6A-4626-A18E-3E05865D927B}.Release|x86.Deploy.0 = Release|x86
	EndGlobalSection
	GlobalSection(SolutionProperties) = preSolution
		HideSolutionNode = FALSE
	EndGlobalSection
EndGlobal
